// !$*UTF8*$!
{
	archiveVersion = 1;
	classes = {
	};
	objectVersion = 46;
	objects = {

/* Begin PBXBuildFile section */
		D71F6116225E8825D1AB8405 /* Pods_Weather.framework in Frameworks */ = {isa = PBXBuildFile; fileRef = 50EB11A7FD31FD77F6F72846 /* Pods_Weather.framework */; };
		E332910E1D589E2100C5AED3 /* ForecastCell.swift in Sources */ = {isa = PBXBuildFile; fileRef = E332910D1D589E2100C5AED3 /* ForecastCell.swift */; };
		E33291101D589E2C00C5AED3 /* HeaderCell.swift in Sources */ = {isa = PBXBuildFile; fileRef = E332910F1D589E2C00C5AED3 /* HeaderCell.swift */; };
		E33291121D589EB100C5AED3 /* ForecastController.swift in Sources */ = {isa = PBXBuildFile; fileRef = E33291111D589EB100C5AED3 /* ForecastController.swift */; };
		E33291141D58A1D400C5AED3 /* CityManager.swift in Sources */ = {isa = PBXBuildFile; fileRef = E33291131D58A1D400C5AED3 /* CityManager.swift */; };
		E33291161D58E33000C5AED3 /* timezonesDB.json in Resources */ = {isa = PBXBuildFile; fileRef = E33291151D58E33000C5AED3 /* timezonesDB.json */; };
		E347AC751D4BEF820012C9E2 /* LocationStorage.swift in Sources */ = {isa = PBXBuildFile; fileRef = E347AC741D4BEF810012C9E2 /* LocationStorage.swift */; };
		E347AC771D4BF0900012C9E2 /* Common.swift in Sources */ = {isa = PBXBuildFile; fileRef = E347AC761D4BF0900012C9E2 /* Common.swift */; };
		E34C665C1D55119F00DE277C /* Delay.swift in Sources */ = {isa = PBXBuildFile; fileRef = E34C665B1D55119F00DE277C /* Delay.swift */; };
		E3C739641D4A910500F51623 /* AppDelegate.swift in Sources */ = {isa = PBXBuildFile; fileRef = E3C739631D4A910500F51623 /* AppDelegate.swift */; };
		E3C739661D4A910500F51623 /* ViewController.swift in Sources */ = {isa = PBXBuildFile; fileRef = E3C739651D4A910500F51623 /* ViewController.swift */; };
		E3C739691D4A910500F51623 /* Main.storyboard in Resources */ = {isa = PBXBuildFile; fileRef = E3C739671D4A910500F51623 /* Main.storyboard */; };
		E3C7396C1D4A910500F51623 /* Weather.xcdatamodeld in Sources */ = {isa = PBXBuildFile; fileRef = E3C7396A1D4A910500F51623 /* Weather.xcdatamodeld */; };
		E3C7396E1D4A910500F51623 /* Assets.xcassets in Resources */ = {isa = PBXBuildFile; fileRef = E3C7396D1D4A910500F51623 /* Assets.xcassets */; };
		E3C739711D4A910500F51623 /* LaunchScreen.storyboard in Resources */ = {isa = PBXBuildFile; fileRef = E3C7396F1D4A910500F51623 /* LaunchScreen.storyboard */; };
		E3C7397C1D4A910500F51623 /* WeatherTests.swift in Sources */ = {isa = PBXBuildFile; fileRef = E3C7397B1D4A910500F51623 /* WeatherTests.swift */; };
		E3C739871D4A910500F51623 /* WeatherUITests.swift in Sources */ = {isa = PBXBuildFile; fileRef = E3C739861D4A910500F51623 /* WeatherUITests.swift */; };
		E3C739971D4A932600F51623 /* weather_clear.mp4 in Resources */ = {isa = PBXBuildFile; fileRef = E3C739961D4A932600F51623 /* weather_clear.mp4 */; };
		E3C739BB1D4A93BA00F51623 /* weather_cloudy_day.mp4 in Resources */ = {isa = PBXBuildFile; fileRef = E3C739981D4A93BA00F51623 /* weather_cloudy_day.mp4 */; };
		E3C739BC1D4A93BA00F51623 /* weather_cloudy_night.mp4 in Resources */ = {isa = PBXBuildFile; fileRef = E3C739991D4A93BA00F51623 /* weather_cloudy_night.mp4 */; };
		E3C739BD1D4A93BA00F51623 /* weather_fog_day.mp4 in Resources */ = {isa = PBXBuildFile; fileRef = E3C7399A1D4A93BA00F51623 /* weather_fog_day.mp4 */; };
		E3C739BE1D4A93BA00F51623 /* weather_fog_night.mp4 in Resources */ = {isa = PBXBuildFile; fileRef = E3C7399B1D4A93BA00F51623 /* weather_fog_night.mp4 */; };
		E3C739BF1D4A93BA00F51623 /* weather_hot.mp4 in Resources */ = {isa = PBXBuildFile; fileRef = E3C7399C1D4A93BA00F51623 /* weather_hot.mp4 */; };
		E3C739C01D4A93BA00F51623 /* weather_l_clear.mp4 in Resources */ = {isa = PBXBuildFile; fileRef = E3C7399D1D4A93BA00F51623 /* weather_l_clear.mp4 */; };
		E3C739C11D4A93BA00F51623 /* weather_l_cloudy_day.mp4 in Resources */ = {isa = PBXBuildFile; fileRef = E3C7399E1D4A93BA00F51623 /* weather_l_cloudy_day.mp4 */; };
		E3C739C21D4A93BA00F51623 /* weather_l_cloudy_night.mp4 in Resources */ = {isa = PBXBuildFile; fileRef = E3C7399F1D4A93BA00F51623 /* weather_l_cloudy_night.mp4 */; };
		E3C739C31D4A93BA00F51623 /* weather_l_fog_day.mp4 in Resources */ = {isa = PBXBuildFile; fileRef = E3C739A01D4A93BA00F51623 /* weather_l_fog_day.mp4 */; };
		E3C739C41D4A93BA00F51623 /* weather_l_fog_night.mp4 in Resources */ = {isa = PBXBuildFile; fileRef = E3C739A11D4A93BA00F51623 /* weather_l_fog_night.mp4 */; };
		E3C739C51D4A93BA00F51623 /* weather_l_hot.mp4 in Resources */ = {isa = PBXBuildFile; fileRef = E3C739A21D4A93BA00F51623 /* weather_l_hot.mp4 */; };
		E3C739C61D4A93BA00F51623 /* weather_l_partly_cloud_day.mp4 in Resources */ = {isa = PBXBuildFile; fileRef = E3C739A31D4A93BA00F51623 /* weather_l_partly_cloud_day.mp4 */; };
		E3C739C71D4A93BA00F51623 /* weather_l_partly_cloud_night.mp4 in Resources */ = {isa = PBXBuildFile; fileRef = E3C739A41D4A93BA00F51623 /* weather_l_partly_cloud_night.mp4 */; };
		E3C739C81D4A93BA00F51623 /* weather_l_partly_sunny.mp4 in Resources */ = {isa = PBXBuildFile; fileRef = E3C739A51D4A93BA00F51623 /* weather_l_partly_sunny.mp4 */; };
		E3C739C91D4A93BA00F51623 /* weather_l_rain_day.mp4 in Resources */ = {isa = PBXBuildFile; fileRef = E3C739A61D4A93BA00F51623 /* weather_l_rain_day.mp4 */; };
		E3C739CA1D4A93BA00F51623 /* weather_l_rain_night.mp4 in Resources */ = {isa = PBXBuildFile; fileRef = E3C739A71D4A93BA00F51623 /* weather_l_rain_night.mp4 */; };
		E3C739CB1D4A93BA00F51623 /* weather_l_snow_day.mp4 in Resources */ = {isa = PBXBuildFile; fileRef = E3C739A81D4A93BA00F51623 /* weather_l_snow_day.mp4 */; };
		E3C739CC1D4A93BA00F51623 /* weather_l_snow_night.mp4 in Resources */ = {isa = PBXBuildFile; fileRef = E3C739A91D4A93BA00F51623 /* weather_l_snow_night.mp4 */; };
		E3C739CD1D4A93BA00F51623 /* weather_l_sunny.mp4 in Resources */ = {isa = PBXBuildFile; fileRef = E3C739AA1D4A93BA00F51623 /* weather_l_sunny.mp4 */; };
		E3C739CE1D4A93BA00F51623 /* weather_l_thunderstorm_day.mp4 in Resources */ = {isa = PBXBuildFile; fileRef = E3C739AB1D4A93BA00F51623 /* weather_l_thunderstorm_day.mp4 */; };
		E3C739CF1D4A93BA00F51623 /* weather_l_thunderstorm_night.mp4 in Resources */ = {isa = PBXBuildFile; fileRef = E3C739AC1D4A93BA00F51623 /* weather_l_thunderstorm_night.mp4 */; };
		E3C739D01D4A93BA00F51623 /* weather_l_windy_day.mp4 in Resources */ = {isa = PBXBuildFile; fileRef = E3C739AD1D4A93BA00F51623 /* weather_l_windy_day.mp4 */; };
		E3C739D11D4A93BA00F51623 /* weather_l_windy_night.mp4 in Resources */ = {isa = PBXBuildFile; fileRef = E3C739AE1D4A93BA00F51623 /* weather_l_windy_night.mp4 */; };
		E3C739D21D4A93BA00F51623 /* weather_partly_cloud_day.mp4 in Resources */ = {isa = PBXBuildFile; fileRef = E3C739AF1D4A93BA00F51623 /* weather_partly_cloud_day.mp4 */; };
		E3C739D31D4A93BA00F51623 /* weather_partly_cloud_night.mp4 in Resources */ = {isa = PBXBuildFile; fileRef = E3C739B01D4A93BA00F51623 /* weather_partly_cloud_night.mp4 */; };
		E3C739D41D4A93BA00F51623 /* weather_partly_sunny.mp4 in Resources */ = {isa = PBXBuildFile; fileRef = E3C739B11D4A93BA00F51623 /* weather_partly_sunny.mp4 */; };
		E3C739D51D4A93BA00F51623 /* weather_rain_day.mp4 in Resources */ = {isa = PBXBuildFile; fileRef = E3C739B21D4A93BA00F51623 /* weather_rain_day.mp4 */; };
		E3C739D61D4A93BA00F51623 /* weather_rain_night.mp4 in Resources */ = {isa = PBXBuildFile; fileRef = E3C739B31D4A93BA00F51623 /* weather_rain_night.mp4 */; };
		E3C739D71D4A93BA00F51623 /* weather_snow_day.mp4 in Resources */ = {isa = PBXBuildFile; fileRef = E3C739B41D4A93BA00F51623 /* weather_snow_day.mp4 */; };
		E3C739D81D4A93BA00F51623 /* weather_snow_night.mp4 in Resources */ = {isa = PBXBuildFile; fileRef = E3C739B51D4A93BA00F51623 /* weather_snow_night.mp4 */; };
		E3C739D91D4A93BA00F51623 /* weather_sunny.mp4 in Resources */ = {isa = PBXBuildFile; fileRef = E3C739B61D4A93BA00F51623 /* weather_sunny.mp4 */; };
		E3C739DA1D4A93BA00F51623 /* weather_thunderstorm_day.mp4 in Resources */ = {isa = PBXBuildFile; fileRef = E3C739B71D4A93BA00F51623 /* weather_thunderstorm_day.mp4 */; };
		E3C739DB1D4A93BA00F51623 /* weather_thunderstorm_night.mp4 in Resources */ = {isa = PBXBuildFile; fileRef = E3C739B81D4A93BA00F51623 /* weather_thunderstorm_night.mp4 */; };
		E3C739DC1D4A93BA00F51623 /* weather_windy_day.mp4 in Resources */ = {isa = PBXBuildFile; fileRef = E3C739B91D4A93BA00F51623 /* weather_windy_day.mp4 */; };
		E3C739DD1D4A93BA00F51623 /* weather_windy_night.mp4 in Resources */ = {isa = PBXBuildFile; fileRef = E3C739BA1D4A93BA00F51623 /* weather_windy_night.mp4 */; };
		E3C739E41D4AC7C900F51623 /* WeatherStation.swift in Sources */ = {isa = PBXBuildFile; fileRef = E3C739E31D4AC7C900F51623 /* WeatherStation.swift */; };
		E3C739E61D4AC9A500F51623 /* WeatherCondition.swift in Sources */ = {isa = PBXBuildFile; fileRef = E3C739E51D4AC9A500F51623 /* WeatherCondition.swift */; };
		E3C739EA1D4BCE5200F51623 /* Result.swift in Sources */ = {isa = PBXBuildFile; fileRef = E3C739E91D4BCE5200F51623 /* Result.swift */; };
		E3C739EC1D4BCE9F00F51623 /* WeatherError.swift in Sources */ = {isa = PBXBuildFile; fileRef = E3C739EB1D4BCE9F00F51623 /* WeatherError.swift */; };
		E3C739EE1D4BD02400F51623 /* NSDate+Localization.swift in Sources */ = {isa = PBXBuildFile; fileRef = E3C739ED1D4BD02400F51623 /* NSDate+Localization.swift */; };
		E3C739F01D4BD65C00F51623 /* UIAlertAction+Cancel.swift in Sources */ = {isa = PBXBuildFile; fileRef = E3C739EF1D4BD65C00F51623 /* UIAlertAction+Cancel.swift */; };
		E3C739F21D4BD72F00F51623 /* Weather.swift in Sources */ = {isa = PBXBuildFile; fileRef = E3C739F11D4BD72F00F51623 /* Weather.swift */; };
		E3F0FBCA1D538D6E002DB74E /* Cities.storyboard in Resources */ = {isa = PBXBuildFile; fileRef = E3F0FBC91D538D6E002DB74E /* Cities.storyboard */; };
		E3F0FBCC1D538DD3002DB74E /* CityViewController.swift in Sources */ = {isa = PBXBuildFile; fileRef = E3F0FBCB1D538DD3002DB74E /* CityViewController.swift */; };
		E3F0FBCE1D539237002DB74E /* PlaceLoadProtocol.swift in Sources */ = {isa = PBXBuildFile; fileRef = E3F0FBCD1D539237002DB74E /* PlaceLoadProtocol.swift */; };
		E3F0FBD01D53956C002DB74E /* CityLoader.swift in Sources */ = {isa = PBXBuildFile; fileRef = E3F0FBCF1D53956C002DB74E /* CityLoader.swift */; };
		E3F0FBD21D5398E4002DB74E /* City.swift in Sources */ = {isa = PBXBuildFile; fileRef = E3F0FBD11D5398E4002DB74E /* City.swift */; };
		E3F0FBD41D53C1C2002DB74E /* CityCell.swift in Sources */ = {isa = PBXBuildFile; fileRef = E3F0FBD31D53C1C2002DB74E /* CityCell.swift */; };
		E3F0FBD81D53C262002DB74E /* CityListViewController.swift in Sources */ = {isa = PBXBuildFile; fileRef = E3F0FBD71D53C262002DB74E /* CityListViewController.swift */; };
		E3F0FBDB1D53C654002DB74E /* Persistable.swift in Sources */ = {isa = PBXBuildFile; fileRef = E3F0FBD91D53C654002DB74E /* Persistable.swift */; };
		E3F0FBDC1D53C654002DB74E /* PropertySerializable.swift in Sources */ = {isa = PBXBuildFile; fileRef = E3F0FBDA1D53C654002DB74E /* PropertySerializable.swift */; };
		E3F0FBE11D54E123002DB74E /* Forecast.swift in Sources */ = {isa = PBXBuildFile; fileRef = E3F0FBE01D54E123002DB74E /* Forecast.swift */; };
/* End PBXBuildFile section */

/* Begin PBXContainerItemProxy section */
		E3C739781D4A910500F51623 /* PBXContainerItemProxy */ = {
			isa = PBXContainerItemProxy;
			containerPortal = E3C739581D4A910500F51623 /* Project object */;
			proxyType = 1;
			remoteGlobalIDString = E3C7395F1D4A910500F51623;
			remoteInfo = Weather;
		};
		E3C739831D4A910500F51623 /* PBXContainerItemProxy */ = {
			isa = PBXContainerItemProxy;
			containerPortal = E3C739581D4A910500F51623 /* Project object */;
			proxyType = 1;
			remoteGlobalIDString = E3C7395F1D4A910500F51623;
			remoteInfo = Weather;
		};
/* End PBXContainerItemProxy section */

/* Begin PBXFileReference section */
		50EB11A7FD31FD77F6F72846 /* Pods_Weather.framework */ = {isa = PBXFileReference; explicitFileType = wrapper.framework; includeInIndex = 0; path = Pods_Weather.framework; sourceTree = BUILT_PRODUCTS_DIR; };
		6AC8962AF5412D7D6D88CA96 /* Pods-Weather.release.xcconfig */ = {isa = PBXFileReference; includeInIndex = 1; lastKnownFileType = text.xcconfig; name = "Pods-Weather.release.xcconfig"; path = "Pods/Target Support Files/Pods-Weather/Pods-Weather.release.xcconfig"; sourceTree = "<group>"; };
		96FED51B22E5711E12C1C00E /* Pods-Weather.debug.xcconfig */ = {isa = PBXFileReference; includeInIndex = 1; lastKnownFileType = text.xcconfig; name = "Pods-Weather.debug.xcconfig"; path = "Pods/Target Support Files/Pods-Weather/Pods-Weather.debug.xcconfig"; sourceTree = "<group>"; };
		E332910D1D589E2100C5AED3 /* ForecastCell.swift */ = {isa = PBXFileReference; fileEncoding = 4; lastKnownFileType = sourcecode.swift; path = ForecastCell.swift; sourceTree = "<group>"; };
		E332910F1D589E2C00C5AED3 /* HeaderCell.swift */ = {isa = PBXFileReference; fileEncoding = 4; lastKnownFileType = sourcecode.swift; path = HeaderCell.swift; sourceTree = "<group>"; };
		E33291111D589EB100C5AED3 /* ForecastController.swift */ = {isa = PBXFileReference; fileEncoding = 4; lastKnownFileType = sourcecode.swift; path = ForecastController.swift; sourceTree = "<group>"; };
		E33291131D58A1D400C5AED3 /* CityManager.swift */ = {isa = PBXFileReference; fileEncoding = 4; lastKnownFileType = sourcecode.swift; path = CityManager.swift; sourceTree = "<group>"; };
		E33291151D58E33000C5AED3 /* timezonesDB.json */ = {isa = PBXFileReference; fileEncoding = 4; lastKnownFileType = text.json; path = timezonesDB.json; sourceTree = "<group>"; };
		E347AC741D4BEF810012C9E2 /* LocationStorage.swift */ = {isa = PBXFileReference; fileEncoding = 4; lastKnownFileType = sourcecode.swift; path = LocationStorage.swift; sourceTree = "<group>"; };
		E347AC761D4BF0900012C9E2 /* Common.swift */ = {isa = PBXFileReference; fileEncoding = 4; lastKnownFileType = sourcecode.swift; path = Common.swift; sourceTree = "<group>"; };
		E34C665B1D55119F00DE277C /* Delay.swift */ = {isa = PBXFileReference; fileEncoding = 4; lastKnownFileType = sourcecode.swift; path = Delay.swift; sourceTree = "<group>"; };
		E3C739601D4A910500F51623 /* Weather.app */ = {isa = PBXFileReference; explicitFileType = wrapper.application; includeInIndex = 0; path = Weather.app; sourceTree = BUILT_PRODUCTS_DIR; };
		E3C739631D4A910500F51623 /* AppDelegate.swift */ = {isa = PBXFileReference; lastKnownFileType = sourcecode.swift; path = AppDelegate.swift; sourceTree = "<group>"; };
		E3C739651D4A910500F51623 /* ViewController.swift */ = {isa = PBXFileReference; lastKnownFileType = sourcecode.swift; path = ViewController.swift; sourceTree = "<group>"; };
		E3C739681D4A910500F51623 /* Base */ = {isa = PBXFileReference; lastKnownFileType = file.storyboard; name = Base; path = Base.lproj/Main.storyboard; sourceTree = "<group>"; };
		E3C7396B1D4A910500F51623 /* Weather.xcdatamodel */ = {isa = PBXFileReference; lastKnownFileType = wrapper.xcdatamodel; path = Weather.xcdatamodel; sourceTree = "<group>"; };
		E3C7396D1D4A910500F51623 /* Assets.xcassets */ = {isa = PBXFileReference; lastKnownFileType = folder.assetcatalog; path = Assets.xcassets; sourceTree = "<group>"; };
		E3C739701D4A910500F51623 /* Base */ = {isa = PBXFileReference; lastKnownFileType = file.storyboard; name = Base; path = Base.lproj/LaunchScreen.storyboard; sourceTree = "<group>"; };
		E3C739721D4A910500F51623 /* Info.plist */ = {isa = PBXFileReference; lastKnownFileType = text.plist.xml; path = Info.plist; sourceTree = "<group>"; };
		E3C739771D4A910500F51623 /* WeatherTests.xctest */ = {isa = PBXFileReference; explicitFileType = wrapper.cfbundle; includeInIndex = 0; path = WeatherTests.xctest; sourceTree = BUILT_PRODUCTS_DIR; };
		E3C7397B1D4A910500F51623 /* WeatherTests.swift */ = {isa = PBXFileReference; lastKnownFileType = sourcecode.swift; path = WeatherTests.swift; sourceTree = "<group>"; };
		E3C7397D1D4A910500F51623 /* Info.plist */ = {isa = PBXFileReference; lastKnownFileType = text.plist.xml; path = Info.plist; sourceTree = "<group>"; };
		E3C739821D4A910500F51623 /* WeatherUITests.xctest */ = {isa = PBXFileReference; explicitFileType = wrapper.cfbundle; includeInIndex = 0; path = WeatherUITests.xctest; sourceTree = BUILT_PRODUCTS_DIR; };
		E3C739861D4A910500F51623 /* WeatherUITests.swift */ = {isa = PBXFileReference; lastKnownFileType = sourcecode.swift; path = WeatherUITests.swift; sourceTree = "<group>"; };
		E3C739881D4A910500F51623 /* Info.plist */ = {isa = PBXFileReference; lastKnownFileType = text.plist.xml; path = Info.plist; sourceTree = "<group>"; };
		E3C739961D4A932600F51623 /* weather_clear.mp4 */ = {isa = PBXFileReference; lastKnownFileType = file; path = weather_clear.mp4; sourceTree = "<group>"; };
		E3C739981D4A93BA00F51623 /* weather_cloudy_day.mp4 */ = {isa = PBXFileReference; lastKnownFileType = file; path = weather_cloudy_day.mp4; sourceTree = "<group>"; };
		E3C739991D4A93BA00F51623 /* weather_cloudy_night.mp4 */ = {isa = PBXFileReference; lastKnownFileType = file; path = weather_cloudy_night.mp4; sourceTree = "<group>"; };
		E3C7399A1D4A93BA00F51623 /* weather_fog_day.mp4 */ = {isa = PBXFileReference; lastKnownFileType = file; path = weather_fog_day.mp4; sourceTree = "<group>"; };
		E3C7399B1D4A93BA00F51623 /* weather_fog_night.mp4 */ = {isa = PBXFileReference; lastKnownFileType = file; path = weather_fog_night.mp4; sourceTree = "<group>"; };
		E3C7399C1D4A93BA00F51623 /* weather_hot.mp4 */ = {isa = PBXFileReference; lastKnownFileType = file; path = weather_hot.mp4; sourceTree = "<group>"; };
		E3C7399D1D4A93BA00F51623 /* weather_l_clear.mp4 */ = {isa = PBXFileReference; lastKnownFileType = file; path = weather_l_clear.mp4; sourceTree = "<group>"; };
		E3C7399E1D4A93BA00F51623 /* weather_l_cloudy_day.mp4 */ = {isa = PBXFileReference; lastKnownFileType = file; path = weather_l_cloudy_day.mp4; sourceTree = "<group>"; };
		E3C7399F1D4A93BA00F51623 /* weather_l_cloudy_night.mp4 */ = {isa = PBXFileReference; lastKnownFileType = file; path = weather_l_cloudy_night.mp4; sourceTree = "<group>"; };
		E3C739A01D4A93BA00F51623 /* weather_l_fog_day.mp4 */ = {isa = PBXFileReference; lastKnownFileType = file; path = weather_l_fog_day.mp4; sourceTree = "<group>"; };
		E3C739A11D4A93BA00F51623 /* weather_l_fog_night.mp4 */ = {isa = PBXFileReference; lastKnownFileType = file; path = weather_l_fog_night.mp4; sourceTree = "<group>"; };
		E3C739A21D4A93BA00F51623 /* weather_l_hot.mp4 */ = {isa = PBXFileReference; lastKnownFileType = file; path = weather_l_hot.mp4; sourceTree = "<group>"; };
		E3C739A31D4A93BA00F51623 /* weather_l_partly_cloud_day.mp4 */ = {isa = PBXFileReference; lastKnownFileType = file; path = weather_l_partly_cloud_day.mp4; sourceTree = "<group>"; };
		E3C739A41D4A93BA00F51623 /* weather_l_partly_cloud_night.mp4 */ = {isa = PBXFileReference; lastKnownFileType = file; path = weather_l_partly_cloud_night.mp4; sourceTree = "<group>"; };
		E3C739A51D4A93BA00F51623 /* weather_l_partly_sunny.mp4 */ = {isa = PBXFileReference; lastKnownFileType = file; path = weather_l_partly_sunny.mp4; sourceTree = "<group>"; };
		E3C739A61D4A93BA00F51623 /* weather_l_rain_day.mp4 */ = {isa = PBXFileReference; lastKnownFileType = file; path = weather_l_rain_day.mp4; sourceTree = "<group>"; };
		E3C739A71D4A93BA00F51623 /* weather_l_rain_night.mp4 */ = {isa = PBXFileReference; lastKnownFileType = file; path = weather_l_rain_night.mp4; sourceTree = "<group>"; };
		E3C739A81D4A93BA00F51623 /* weather_l_snow_day.mp4 */ = {isa = PBXFileReference; lastKnownFileType = file; path = weather_l_snow_day.mp4; sourceTree = "<group>"; };
		E3C739A91D4A93BA00F51623 /* weather_l_snow_night.mp4 */ = {isa = PBXFileReference; lastKnownFileType = file; path = weather_l_snow_night.mp4; sourceTree = "<group>"; };
		E3C739AA1D4A93BA00F51623 /* weather_l_sunny.mp4 */ = {isa = PBXFileReference; lastKnownFileType = file; path = weather_l_sunny.mp4; sourceTree = "<group>"; };
		E3C739AB1D4A93BA00F51623 /* weather_l_thunderstorm_day.mp4 */ = {isa = PBXFileReference; lastKnownFileType = file; path = weather_l_thunderstorm_day.mp4; sourceTree = "<group>"; };
		E3C739AC1D4A93BA00F51623 /* weather_l_thunderstorm_night.mp4 */ = {isa = PBXFileReference; lastKnownFileType = file; path = weather_l_thunderstorm_night.mp4; sourceTree = "<group>"; };
		E3C739AD1D4A93BA00F51623 /* weather_l_windy_day.mp4 */ = {isa = PBXFileReference; lastKnownFileType = file; path = weather_l_windy_day.mp4; sourceTree = "<group>"; };
		E3C739AE1D4A93BA00F51623 /* weather_l_windy_night.mp4 */ = {isa = PBXFileReference; lastKnownFileType = file; path = weather_l_windy_night.mp4; sourceTree = "<group>"; };
		E3C739AF1D4A93BA00F51623 /* weather_partly_cloud_day.mp4 */ = {isa = PBXFileReference; lastKnownFileType = file; path = weather_partly_cloud_day.mp4; sourceTree = "<group>"; };
		E3C739B01D4A93BA00F51623 /* weather_partly_cloud_night.mp4 */ = {isa = PBXFileReference; lastKnownFileType = file; path = weather_partly_cloud_night.mp4; sourceTree = "<group>"; };
		E3C739B11D4A93BA00F51623 /* weather_partly_sunny.mp4 */ = {isa = PBXFileReference; lastKnownFileType = file; path = weather_partly_sunny.mp4; sourceTree = "<group>"; };
		E3C739B21D4A93BA00F51623 /* weather_rain_day.mp4 */ = {isa = PBXFileReference; lastKnownFileType = file; path = weather_rain_day.mp4; sourceTree = "<group>"; };
		E3C739B31D4A93BA00F51623 /* weather_rain_night.mp4 */ = {isa = PBXFileReference; lastKnownFileType = file; path = weather_rain_night.mp4; sourceTree = "<group>"; };
		E3C739B41D4A93BA00F51623 /* weather_snow_day.mp4 */ = {isa = PBXFileReference; lastKnownFileType = file; path = weather_snow_day.mp4; sourceTree = "<group>"; };
		E3C739B51D4A93BA00F51623 /* weather_snow_night.mp4 */ = {isa = PBXFileReference; lastKnownFileType = file; path = weather_snow_night.mp4; sourceTree = "<group>"; };
		E3C739B61D4A93BA00F51623 /* weather_sunny.mp4 */ = {isa = PBXFileReference; lastKnownFileType = file; path = weather_sunny.mp4; sourceTree = "<group>"; };
		E3C739B71D4A93BA00F51623 /* weather_thunderstorm_day.mp4 */ = {isa = PBXFileReference; lastKnownFileType = file; path = weather_thunderstorm_day.mp4; sourceTree = "<group>"; };
		E3C739B81D4A93BA00F51623 /* weather_thunderstorm_night.mp4 */ = {isa = PBXFileReference; lastKnownFileType = file; path = weather_thunderstorm_night.mp4; sourceTree = "<group>"; };
		E3C739B91D4A93BA00F51623 /* weather_windy_day.mp4 */ = {isa = PBXFileReference; lastKnownFileType = file; path = weather_windy_day.mp4; sourceTree = "<group>"; };
		E3C739BA1D4A93BA00F51623 /* weather_windy_night.mp4 */ = {isa = PBXFileReference; lastKnownFileType = file; path = weather_windy_night.mp4; sourceTree = "<group>"; };
		E3C739E31D4AC7C900F51623 /* WeatherStation.swift */ = {isa = PBXFileReference; fileEncoding = 4; lastKnownFileType = sourcecode.swift; path = WeatherStation.swift; sourceTree = "<group>"; };
		E3C739E51D4AC9A500F51623 /* WeatherCondition.swift */ = {isa = PBXFileReference; fileEncoding = 4; lastKnownFileType = sourcecode.swift; path = WeatherCondition.swift; sourceTree = "<group>"; };
		E3C739E91D4BCE5200F51623 /* Result.swift */ = {isa = PBXFileReference; fileEncoding = 4; lastKnownFileType = sourcecode.swift; path = Result.swift; sourceTree = "<group>"; };
		E3C739EB1D4BCE9F00F51623 /* WeatherError.swift */ = {isa = PBXFileReference; fileEncoding = 4; lastKnownFileType = sourcecode.swift; path = WeatherError.swift; sourceTree = "<group>"; };
		E3C739ED1D4BD02400F51623 /* NSDate+Localization.swift */ = {isa = PBXFileReference; fileEncoding = 4; lastKnownFileType = sourcecode.swift; path = "NSDate+Localization.swift"; sourceTree = "<group>"; };
		E3C739EF1D4BD65C00F51623 /* UIAlertAction+Cancel.swift */ = {isa = PBXFileReference; fileEncoding = 4; lastKnownFileType = sourcecode.swift; path = "UIAlertAction+Cancel.swift"; sourceTree = "<group>"; };
		E3C739F11D4BD72F00F51623 /* Weather.swift */ = {isa = PBXFileReference; fileEncoding = 4; lastKnownFileType = sourcecode.swift; path = Weather.swift; sourceTree = "<group>"; };
		E3F0FBC91D538D6E002DB74E /* Cities.storyboard */ = {isa = PBXFileReference; fileEncoding = 4; lastKnownFileType = file.storyboard; path = Cities.storyboard; sourceTree = "<group>"; };
		E3F0FBCB1D538DD3002DB74E /* CityViewController.swift */ = {isa = PBXFileReference; fileEncoding = 4; lastKnownFileType = sourcecode.swift; path = CityViewController.swift; sourceTree = "<group>"; };
		E3F0FBCD1D539237002DB74E /* PlaceLoadProtocol.swift */ = {isa = PBXFileReference; fileEncoding = 4; lastKnownFileType = sourcecode.swift; path = PlaceLoadProtocol.swift; sourceTree = "<group>"; };
		E3F0FBCF1D53956C002DB74E /* CityLoader.swift */ = {isa = PBXFileReference; fileEncoding = 4; lastKnownFileType = sourcecode.swift; path = CityLoader.swift; sourceTree = "<group>"; };
		E3F0FBD11D5398E4002DB74E /* City.swift */ = {isa = PBXFileReference; fileEncoding = 4; lastKnownFileType = sourcecode.swift; path = City.swift; sourceTree = "<group>"; };
		E3F0FBD31D53C1C2002DB74E /* CityCell.swift */ = {isa = PBXFileReference; fileEncoding = 4; lastKnownFileType = sourcecode.swift; path = CityCell.swift; sourceTree = "<group>"; };
		E3F0FBD71D53C262002DB74E /* CityListViewController.swift */ = {isa = PBXFileReference; fileEncoding = 4; lastKnownFileType = sourcecode.swift; path = CityListViewController.swift; sourceTree = "<group>"; };
		E3F0FBD91D53C654002DB74E /* Persistable.swift */ = {isa = PBXFileReference; fileEncoding = 4; lastKnownFileType = sourcecode.swift; path = Persistable.swift; sourceTree = "<group>"; };
		E3F0FBDA1D53C654002DB74E /* PropertySerializable.swift */ = {isa = PBXFileReference; fileEncoding = 4; lastKnownFileType = sourcecode.swift; path = PropertySerializable.swift; sourceTree = "<group>"; };
		E3F0FBE01D54E123002DB74E /* Forecast.swift */ = {isa = PBXFileReference; fileEncoding = 4; lastKnownFileType = sourcecode.swift; path = Forecast.swift; sourceTree = "<group>"; };
/* End PBXFileReference section */

/* Begin PBXFrameworksBuildPhase section */
		E3C7395D1D4A910500F51623 /* Frameworks */ = {
			isa = PBXFrameworksBuildPhase;
			buildActionMask = 2147483647;
			files = (
				D71F6116225E8825D1AB8405 /* Pods_Weather.framework in Frameworks */,
			);
			runOnlyForDeploymentPostprocessing = 0;
		};
		E3C739741D4A910500F51623 /* Frameworks */ = {
			isa = PBXFrameworksBuildPhase;
			buildActionMask = 2147483647;
			files = (
			);
			runOnlyForDeploymentPostprocessing = 0;
		};
		E3C7397F1D4A910500F51623 /* Frameworks */ = {
			isa = PBXFrameworksBuildPhase;
			buildActionMask = 2147483647;
			files = (
			);
			runOnlyForDeploymentPostprocessing = 0;
		};
/* End PBXFrameworksBuildPhase section */

/* Begin PBXGroup section */
		0743C71AEDB33068460F53DE /* Pods */ = {
			isa = PBXGroup;
			children = (
				96FED51B22E5711E12C1C00E /* Pods-Weather.debug.xcconfig */,
				6AC8962AF5412D7D6D88CA96 /* Pods-Weather.release.xcconfig */,
			);
			name = Pods;
			sourceTree = "<group>";
		};
		7CC2668FB5D6CEA50CC7F893 /* Frameworks */ = {
			isa = PBXGroup;
			children = (
				50EB11A7FD31FD77F6F72846 /* Pods_Weather.framework */,
			);
			name = Frameworks;
			sourceTree = "<group>";
		};
		E3C739571D4A910500F51623 = {
			isa = PBXGroup;
			children = (
				E3C739621D4A910500F51623 /* Weather */,
				E3C7397A1D4A910500F51623 /* WeatherTests */,
				E3C739851D4A910500F51623 /* WeatherUITests */,
				E3C739611D4A910500F51623 /* Products */,
				0743C71AEDB33068460F53DE /* Pods */,
				7CC2668FB5D6CEA50CC7F893 /* Frameworks */,
			);
			sourceTree = "<group>";
		};
		E3C739611D4A910500F51623 /* Products */ = {
			isa = PBXGroup;
			children = (
				E3C739601D4A910500F51623 /* Weather.app */,
				E3C739771D4A910500F51623 /* WeatherTests.xctest */,
				E3C739821D4A910500F51623 /* WeatherUITests.xctest */,
			);
			name = Products;
			sourceTree = "<group>";
		};
		E3C739621D4A910500F51623 /* Weather */ = {
			isa = PBXGroup;
			children = (
				E3C739631D4A910500F51623 /* AppDelegate.swift */,
				E347AC761D4BF0900012C9E2 /* Common.swift */,
				E33291111D589EB100C5AED3 /* ForecastController.swift */,
				E3F0FBD91D53C654002DB74E /* Persistable.swift */,
				E3F0FBDA1D53C654002DB74E /* PropertySerializable.swift */,
				E347AC741D4BEF810012C9E2 /* LocationStorage.swift */,
				E34C665B1D55119F00DE277C /* Delay.swift */,
				E332910D1D589E2100C5AED3 /* ForecastCell.swift */,
				E332910F1D589E2C00C5AED3 /* HeaderCell.swift */,
				E3F0FBDD1D53C662002DB74E /* Extension */,
				E3F0FBDE1D53C66E002DB74E /* Weather */,
				E3F0FBDF1D53C67B002DB74E /* City */,
				E3C739671D4A910500F51623 /* Main.storyboard */,
				E3F0FBC91D538D6E002DB74E /* Cities.storyboard */,
				E3C7396D1D4A910500F51623 /* Assets.xcassets */,
				E3C7396F1D4A910500F51623 /* LaunchScreen.storyboard */,
				E3C739721D4A910500F51623 /* Info.plist */,
				E3C7396A1D4A910500F51623 /* Weather.xcdatamodeld */,
				E33291151D58E33000C5AED3 /* timezonesDB.json */,
				E3C739951D4A913700F51623 /* Videos */,
			);
			path = Weather;
			sourceTree = "<group>";
		};
		E3C7397A1D4A910500F51623 /* WeatherTests */ = {
			isa = PBXGroup;
			children = (
				E3C7397B1D4A910500F51623 /* WeatherTests.swift */,
				E3C7397D1D4A910500F51623 /* Info.plist */,
			);
			path = WeatherTests;
			sourceTree = "<group>";
		};
		E3C739851D4A910500F51623 /* WeatherUITests */ = {
			isa = PBXGroup;
			children = (
				E3C739861D4A910500F51623 /* WeatherUITests.swift */,
				E3C739881D4A910500F51623 /* Info.plist */,
			);
			path = WeatherUITests;
			sourceTree = "<group>";
		};
		E3C739951D4A913700F51623 /* Videos */ = {
			isa = PBXGroup;
			children = (
				E3C739981D4A93BA00F51623 /* weather_cloudy_day.mp4 */,
				E3C739991D4A93BA00F51623 /* weather_cloudy_night.mp4 */,
				E3C7399A1D4A93BA00F51623 /* weather_fog_day.mp4 */,
				E3C7399B1D4A93BA00F51623 /* weather_fog_night.mp4 */,
				E3C7399C1D4A93BA00F51623 /* weather_hot.mp4 */,
				E3C7399D1D4A93BA00F51623 /* weather_l_clear.mp4 */,
				E3C7399E1D4A93BA00F51623 /* weather_l_cloudy_day.mp4 */,
				E3C7399F1D4A93BA00F51623 /* weather_l_cloudy_night.mp4 */,
				E3C739A01D4A93BA00F51623 /* weather_l_fog_day.mp4 */,
				E3C739A11D4A93BA00F51623 /* weather_l_fog_night.mp4 */,
				E3C739A21D4A93BA00F51623 /* weather_l_hot.mp4 */,
				E3C739A31D4A93BA00F51623 /* weather_l_partly_cloud_day.mp4 */,
				E3C739A41D4A93BA00F51623 /* weather_l_partly_cloud_night.mp4 */,
				E3C739A51D4A93BA00F51623 /* weather_l_partly_sunny.mp4 */,
				E3C739A61D4A93BA00F51623 /* weather_l_rain_day.mp4 */,
				E3C739A71D4A93BA00F51623 /* weather_l_rain_night.mp4 */,
				E3C739A81D4A93BA00F51623 /* weather_l_snow_day.mp4 */,
				E3C739A91D4A93BA00F51623 /* weather_l_snow_night.mp4 */,
				E3C739AA1D4A93BA00F51623 /* weather_l_sunny.mp4 */,
				E3C739AB1D4A93BA00F51623 /* weather_l_thunderstorm_day.mp4 */,
				E3C739AC1D4A93BA00F51623 /* weather_l_thunderstorm_night.mp4 */,
				E3C739AD1D4A93BA00F51623 /* weather_l_windy_day.mp4 */,
				E3C739AE1D4A93BA00F51623 /* weather_l_windy_night.mp4 */,
				E3C739AF1D4A93BA00F51623 /* weather_partly_cloud_day.mp4 */,
				E3C739B01D4A93BA00F51623 /* weather_partly_cloud_night.mp4 */,
				E3C739B11D4A93BA00F51623 /* weather_partly_sunny.mp4 */,
				E3C739B21D4A93BA00F51623 /* weather_rain_day.mp4 */,
				E3C739B31D4A93BA00F51623 /* weather_rain_night.mp4 */,
				E3C739B41D4A93BA00F51623 /* weather_snow_day.mp4 */,
				E3C739B51D4A93BA00F51623 /* weather_snow_night.mp4 */,
				E3C739B61D4A93BA00F51623 /* weather_sunny.mp4 */,
				E3C739B71D4A93BA00F51623 /* weather_thunderstorm_day.mp4 */,
				E3C739B81D4A93BA00F51623 /* weather_thunderstorm_night.mp4 */,
				E3C739B91D4A93BA00F51623 /* weather_windy_day.mp4 */,
				E3C739BA1D4A93BA00F51623 /* weather_windy_night.mp4 */,
				E3C739961D4A932600F51623 /* weather_clear.mp4 */,
			);
			name = Videos;
			sourceTree = "<group>";
		};
		E3F0FBDD1D53C662002DB74E /* Extension */ = {
			isa = PBXGroup;
			children = (
				E3C739ED1D4BD02400F51623 /* NSDate+Localization.swift */,
				E3C739EF1D4BD65C00F51623 /* UIAlertAction+Cancel.swift */,
			);
			name = Extension;
			sourceTree = "<group>";
		};
		E3F0FBDE1D53C66E002DB74E /* Weather */ = {
			isa = PBXGroup;
			children = (
				E3C739651D4A910500F51623 /* ViewController.swift */,
				E3C739E31D4AC7C900F51623 /* WeatherStation.swift */,
				E3C739EB1D4BCE9F00F51623 /* WeatherError.swift */,
				E3C739E51D4AC9A500F51623 /* WeatherCondition.swift */,
				E3C739F11D4BD72F00F51623 /* Weather.swift */,
				E3F0FBE01D54E123002DB74E /* Forecast.swift */,
				E3C739E91D4BCE5200F51623 /* Result.swift */,
			);
			name = Weather;
			sourceTree = "<group>";
		};
		E3F0FBDF1D53C67B002DB74E /* City */ = {
			isa = PBXGroup;
			children = (
				E33291131D58A1D400C5AED3 /* CityManager.swift */,
				E3F0FBCD1D539237002DB74E /* PlaceLoadProtocol.swift */,
				E3F0FBD11D5398E4002DB74E /* City.swift */,
				E3F0FBCF1D53956C002DB74E /* CityLoader.swift */,
				E3F0FBCB1D538DD3002DB74E /* CityViewController.swift */,
				E3F0FBD31D53C1C2002DB74E /* CityCell.swift */,
				E3F0FBD71D53C262002DB74E /* CityListViewController.swift */,
			);
			name = City;
			sourceTree = "<group>";
		};
/* End PBXGroup section */

/* Begin PBXNativeTarget section */
		E3C7395F1D4A910500F51623 /* Weather */ = {
			isa = PBXNativeTarget;
			buildConfigurationList = E3C7398B1D4A910500F51623 /* Build configuration list for PBXNativeTarget "Weather" */;
			buildPhases = (
				BF56CA916AAB36E8B6F097E3 /* 📦 Check Pods Manifest.lock */,
				E3C7395C1D4A910500F51623 /* Sources */,
				E3C7395D1D4A910500F51623 /* Frameworks */,
				E3C7395E1D4A910500F51623 /* Resources */,
				F91FCDCAE523C0A503919470 /* 📦 Embed Pods Frameworks */,
				5754D239E3EAF394B83D1F2F /* 📦 Copy Pods Resources */,
			);
			buildRules = (
			);
			dependencies = (
			);
			name = Weather;
			productName = Weather;
			productReference = E3C739601D4A910500F51623 /* Weather.app */;
			productType = "com.apple.product-type.application";
		};
		E3C739761D4A910500F51623 /* WeatherTests */ = {
			isa = PBXNativeTarget;
			buildConfigurationList = E3C7398E1D4A910500F51623 /* Build configuration list for PBXNativeTarget "WeatherTests" */;
			buildPhases = (
				E3C739731D4A910500F51623 /* Sources */,
				E3C739741D4A910500F51623 /* Frameworks */,
				E3C739751D4A910500F51623 /* Resources */,
			);
			buildRules = (
			);
			dependencies = (
				E3C739791D4A910500F51623 /* PBXTargetDependency */,
			);
			name = WeatherTests;
			productName = WeatherTests;
			productReference = E3C739771D4A910500F51623 /* WeatherTests.xctest */;
			productType = "com.apple.product-type.bundle.unit-test";
		};
		E3C739811D4A910500F51623 /* WeatherUITests */ = {
			isa = PBXNativeTarget;
			buildConfigurationList = E3C739911D4A910500F51623 /* Build configuration list for PBXNativeTarget "WeatherUITests" */;
			buildPhases = (
				E3C7397E1D4A910500F51623 /* Sources */,
				E3C7397F1D4A910500F51623 /* Frameworks */,
				E3C739801D4A910500F51623 /* Resources */,
			);
			buildRules = (
			);
			dependencies = (
				E3C739841D4A910500F51623 /* PBXTargetDependency */,
			);
			name = WeatherUITests;
			productName = WeatherUITests;
			productReference = E3C739821D4A910500F51623 /* WeatherUITests.xctest */;
			productType = "com.apple.product-type.bundle.ui-testing";
		};
/* End PBXNativeTarget section */

/* Begin PBXProject section */
		E3C739581D4A910500F51623 /* Project object */ = {
			isa = PBXProject;
			attributes = {
				LastSwiftUpdateCheck = 0730;
				LastUpgradeCheck = 0730;
				ORGANIZATIONNAME = "Yaxin Cheng";
				TargetAttributes = {
					E3C7395F1D4A910500F51623 = {
						CreatedOnToolsVersion = 7.3;
						DevelopmentTeam = Z725SJ238D;
					};
					E3C739761D4A910500F51623 = {
						CreatedOnToolsVersion = 7.3;
						TestTargetID = E3C7395F1D4A910500F51623;
					};
					E3C739811D4A910500F51623 = {
						CreatedOnToolsVersion = 7.3;
						TestTargetID = E3C7395F1D4A910500F51623;
					};
				};
			};
			buildConfigurationList = E3C7395B1D4A910500F51623 /* Build configuration list for PBXProject "Weather" */;
			compatibilityVersion = "Xcode 3.2";
			developmentRegion = English;
			hasScannedForEncodings = 0;
			knownRegions = (
				en,
				Base,
			);
			mainGroup = E3C739571D4A910500F51623;
			productRefGroup = E3C739611D4A910500F51623 /* Products */;
			projectDirPath = "";
			projectRoot = "";
			targets = (
				E3C7395F1D4A910500F51623 /* Weather */,
				E3C739761D4A910500F51623 /* WeatherTests */,
				E3C739811D4A910500F51623 /* WeatherUITests */,
			);
		};
/* End PBXProject section */

/* Begin PBXResourcesBuildPhase section */
		E3C7395E1D4A910500F51623 /* Resources */ = {
			isa = PBXResourcesBuildPhase;
			buildActionMask = 2147483647;
			files = (
				E33291161D58E33000C5AED3 /* timezonesDB.json in Resources */,
				E3C739BF1D4A93BA00F51623 /* weather_hot.mp4 in Resources */,
				E3C739C81D4A93BA00F51623 /* weather_l_partly_sunny.mp4 in Resources */,
				E3C739CD1D4A93BA00F51623 /* weather_l_sunny.mp4 in Resources */,
				E3C739C31D4A93BA00F51623 /* weather_l_fog_day.mp4 in Resources */,
				E3C739D81D4A93BA00F51623 /* weather_snow_night.mp4 in Resources */,
				E3C739C01D4A93BA00F51623 /* weather_l_clear.mp4 in Resources */,
				E3C739BE1D4A93BA00F51623 /* weather_fog_night.mp4 in Resources */,
				E3C739711D4A910500F51623 /* LaunchScreen.storyboard in Resources */,
				E3C739D61D4A93BA00F51623 /* weather_rain_night.mp4 in Resources */,
				E3C739C41D4A93BA00F51623 /* weather_l_fog_night.mp4 in Resources */,
				E3C739DA1D4A93BA00F51623 /* weather_thunderstorm_day.mp4 in Resources */,
				E3C739C61D4A93BA00F51623 /* weather_l_partly_cloud_day.mp4 in Resources */,
				E3C739D31D4A93BA00F51623 /* weather_partly_cloud_night.mp4 in Resources */,
				E3C739D11D4A93BA00F51623 /* weather_l_windy_night.mp4 in Resources */,
				E3C739CA1D4A93BA00F51623 /* weather_l_rain_night.mp4 in Resources */,
				E3C739DC1D4A93BA00F51623 /* weather_windy_day.mp4 in Resources */,
				E3C739DB1D4A93BA00F51623 /* weather_thunderstorm_night.mp4 in Resources */,
				E3C739D91D4A93BA00F51623 /* weather_sunny.mp4 in Resources */,
				E3C739D41D4A93BA00F51623 /* weather_partly_sunny.mp4 in Resources */,
				E3C739C91D4A93BA00F51623 /* weather_l_rain_day.mp4 in Resources */,
				E3C739CE1D4A93BA00F51623 /* weather_l_thunderstorm_day.mp4 in Resources */,
				E3C739BD1D4A93BA00F51623 /* weather_fog_day.mp4 in Resources */,
				E3C739CF1D4A93BA00F51623 /* weather_l_thunderstorm_night.mp4 in Resources */,
				E3C739C11D4A93BA00F51623 /* weather_l_cloudy_day.mp4 in Resources */,
				E3C739BC1D4A93BA00F51623 /* weather_cloudy_night.mp4 in Resources */,
				E3F0FBCA1D538D6E002DB74E /* Cities.storyboard in Resources */,
				E3C739D21D4A93BA00F51623 /* weather_partly_cloud_day.mp4 in Resources */,
				E3C739D71D4A93BA00F51623 /* weather_snow_day.mp4 in Resources */,
				E3C739DD1D4A93BA00F51623 /* weather_windy_night.mp4 in Resources */,
				E3C739D51D4A93BA00F51623 /* weather_rain_day.mp4 in Resources */,
				E3C739D01D4A93BA00F51623 /* weather_l_windy_day.mp4 in Resources */,
				E3C739CB1D4A93BA00F51623 /* weather_l_snow_day.mp4 in Resources */,
				E3C7396E1D4A910500F51623 /* Assets.xcassets in Resources */,
				E3C739CC1D4A93BA00F51623 /* weather_l_snow_night.mp4 in Resources */,
				E3C739C71D4A93BA00F51623 /* weather_l_partly_cloud_night.mp4 in Resources */,
				E3C739C21D4A93BA00F51623 /* weather_l_cloudy_night.mp4 in Resources */,
				E3C739C51D4A93BA00F51623 /* weather_l_hot.mp4 in Resources */,
				E3C739971D4A932600F51623 /* weather_clear.mp4 in Resources */,
				E3C739BB1D4A93BA00F51623 /* weather_cloudy_day.mp4 in Resources */,
				E3C739691D4A910500F51623 /* Main.storyboard in Resources */,
			);
			runOnlyForDeploymentPostprocessing = 0;
		};
		E3C739751D4A910500F51623 /* Resources */ = {
			isa = PBXResourcesBuildPhase;
			buildActionMask = 2147483647;
			files = (
			);
			runOnlyForDeploymentPostprocessing = 0;
		};
		E3C739801D4A910500F51623 /* Resources */ = {
			isa = PBXResourcesBuildPhase;
			buildActionMask = 2147483647;
			files = (
			);
			runOnlyForDeploymentPostprocessing = 0;
		};
/* End PBXResourcesBuildPhase section */

/* Begin PBXShellScriptBuildPhase section */
		5754D239E3EAF394B83D1F2F /* 📦 Copy Pods Resources */ = {
			isa = PBXShellScriptBuildPhase;
			buildActionMask = 2147483647;
			files = (
			);
			inputPaths = (
			);
			name = "📦 Copy Pods Resources";
			outputPaths = (
			);
			runOnlyForDeploymentPostprocessing = 0;
			shellPath = /bin/sh;
			shellScript = "\"${SRCROOT}/Pods/Target Support Files/Pods-Weather/Pods-Weather-resources.sh\"\n";
			showEnvVarsInLog = 0;
		};
		BF56CA916AAB36E8B6F097E3 /* 📦 Check Pods Manifest.lock */ = {
			isa = PBXShellScriptBuildPhase;
			buildActionMask = 2147483647;
			files = (
			);
			inputPaths = (
			);
			name = "📦 Check Pods Manifest.lock";
			outputPaths = (
			);
			runOnlyForDeploymentPostprocessing = 0;
			shellPath = /bin/sh;
			shellScript = "diff \"${PODS_ROOT}/../Podfile.lock\" \"${PODS_ROOT}/Manifest.lock\" > /dev/null\nif [[ $? != 0 ]] ; then\n    cat << EOM\nerror: The sandbox is not in sync with the Podfile.lock. Run 'pod install' or update your CocoaPods installation.\nEOM\n    exit 1\nfi\n";
			showEnvVarsInLog = 0;
		};
		F91FCDCAE523C0A503919470 /* 📦 Embed Pods Frameworks */ = {
			isa = PBXShellScriptBuildPhase;
			buildActionMask = 2147483647;
			files = (
			);
			inputPaths = (
			);
			name = "📦 Embed Pods Frameworks";
			outputPaths = (
			);
			runOnlyForDeploymentPostprocessing = 0;
			shellPath = /bin/sh;
			shellScript = "\"${SRCROOT}/Pods/Target Support Files/Pods-Weather/Pods-Weather-frameworks.sh\"\n";
			showEnvVarsInLog = 0;
		};
/* End PBXShellScriptBuildPhase section */

/* Begin PBXSourcesBuildPhase section */
		E3C7395C1D4A910500F51623 /* Sources */ = {
			isa = PBXSourcesBuildPhase;
			buildActionMask = 2147483647;
			files = (
				E3C739EA1D4BCE5200F51623 /* Result.swift in Sources */,
				E3F0FBCC1D538DD3002DB74E /* CityViewController.swift in Sources */,
				E3C7396C1D4A910500F51623 /* Weather.xcdatamodeld in Sources */,
				E3C739E41D4AC7C900F51623 /* WeatherStation.swift in Sources */,
				E33291101D589E2C00C5AED3 /* HeaderCell.swift in Sources */,
				E3C739661D4A910500F51623 /* ViewController.swift in Sources */,
				E347AC771D4BF0900012C9E2 /* Common.swift in Sources */,
				E3C739F21D4BD72F00F51623 /* Weather.swift in Sources */,
				E347AC751D4BEF820012C9E2 /* LocationStorage.swift in Sources */,
				E3C739641D4A910500F51623 /* AppDelegate.swift in Sources */,
				E3F0FBDB1D53C654002DB74E /* Persistable.swift in Sources */,
				E3F0FBCE1D539237002DB74E /* PlaceLoadProtocol.swift in Sources */,
				E34C665C1D55119F00DE277C /* Delay.swift in Sources */,
				E3C739E61D4AC9A500F51623 /* WeatherCondition.swift in Sources */,
				E33291141D58A1D400C5AED3 /* CityManager.swift in Sources */,
				E33291121D589EB100C5AED3 /* ForecastController.swift in Sources */,
				E3F0FBD41D53C1C2002DB74E /* CityCell.swift in Sources */,
				E3F0FBDC1D53C654002DB74E /* PropertySerializable.swift in Sources */,
				E3C739EC1D4BCE9F00F51623 /* WeatherError.swift in Sources */,
				E3F0FBD01D53956C002DB74E /* CityLoader.swift in Sources */,
				E3F0FBE11D54E123002DB74E /* Forecast.swift in Sources */,
				E3C739EE1D4BD02400F51623 /* NSDate+Localization.swift in Sources */,
				E3F0FBD21D5398E4002DB74E /* City.swift in Sources */,
				E3C739F01D4BD65C00F51623 /* UIAlertAction+Cancel.swift in Sources */,
				E332910E1D589E2100C5AED3 /* ForecastCell.swift in Sources */,
				E3F0FBD81D53C262002DB74E /* CityListViewController.swift in Sources */,
			);
			runOnlyForDeploymentPostprocessing = 0;
		};
		E3C739731D4A910500F51623 /* Sources */ = {
			isa = PBXSourcesBuildPhase;
			buildActionMask = 2147483647;
			files = (
				E3C7397C1D4A910500F51623 /* WeatherTests.swift in Sources */,
			);
			runOnlyForDeploymentPostprocessing = 0;
		};
		E3C7397E1D4A910500F51623 /* Sources */ = {
			isa = PBXSourcesBuildPhase;
			buildActionMask = 2147483647;
			files = (
				E3C739871D4A910500F51623 /* WeatherUITests.swift in Sources */,
			);
			runOnlyForDeploymentPostprocessing = 0;
		};
/* End PBXSourcesBuildPhase section */

/* Begin PBXTargetDependency section */
		E3C739791D4A910500F51623 /* PBXTargetDependency */ = {
			isa = PBXTargetDependency;
			target = E3C7395F1D4A910500F51623 /* Weather */;
			targetProxy = E3C739781D4A910500F51623 /* PBXContainerItemProxy */;
		};
		E3C739841D4A910500F51623 /* PBXTargetDependency */ = {
			isa = PBXTargetDependency;
			target = E3C7395F1D4A910500F51623 /* Weather */;
			targetProxy = E3C739831D4A910500F51623 /* PBXContainerItemProxy */;
		};
/* End PBXTargetDependency section */

/* Begin PBXVariantGroup section */
		E3C739671D4A910500F51623 /* Main.storyboard */ = {
			isa = PBXVariantGroup;
			children = (
				E3C739681D4A910500F51623 /* Base */,
			);
			name = Main.storyboard;
			sourceTree = "<group>";
		};
		E3C7396F1D4A910500F51623 /* LaunchScreen.storyboard */ = {
			isa = PBXVariantGroup;
			children = (
				E3C739701D4A910500F51623 /* Base */,
			);
			name = LaunchScreen.storyboard;
			sourceTree = "<group>";
		};
/* End PBXVariantGroup section */

/* Begin XCBuildConfiguration section */
		E3C739891D4A910500F51623 /* Debug */ = {
			isa = XCBuildConfiguration;
			buildSettings = {
				ALWAYS_SEARCH_USER_PATHS = NO;
				CLANG_ANALYZER_NONNULL = YES;
				CLANG_CXX_LANGUAGE_STANDARD = "gnu++0x";
				CLANG_CXX_LIBRARY = "libc++";
				CLANG_ENABLE_MODULES = YES;
				CLANG_ENABLE_OBJC_ARC = YES;
				CLANG_WARN_BOOL_CONVERSION = YES;
				CLANG_WARN_CONSTANT_CONVERSION = YES;
				CLANG_WARN_DIRECT_OBJC_ISA_USAGE = YES_ERROR;
				CLANG_WARN_EMPTY_BODY = YES;
				CLANG_WARN_ENUM_CONVERSION = YES;
				CLANG_WARN_INT_CONVERSION = YES;
				CLANG_WARN_OBJC_ROOT_CLASS = YES_ERROR;
				CLANG_WARN_UNREACHABLE_CODE = YES;
				CLANG_WARN__DUPLICATE_METHOD_MATCH = YES;
				"CODE_SIGN_IDENTITY[sdk=iphoneos*]" = "iPhone Developer";
				COPY_PHASE_STRIP = NO;
				DEBUG_INFORMATION_FORMAT = dwarf;
				ENABLE_STRICT_OBJC_MSGSEND = YES;
				ENABLE_TESTABILITY = YES;
				GCC_C_LANGUAGE_STANDARD = gnu99;
				GCC_DYNAMIC_NO_PIC = NO;
				GCC_NO_COMMON_BLOCKS = YES;
				GCC_OPTIMIZATION_LEVEL = 0;
				GCC_PREPROCESSOR_DEFINITIONS = (
					"DEBUG=1",
					"$(inherited)",
				);
				GCC_WARN_64_TO_32_BIT_CONVERSION = YES;
				GCC_WARN_ABOUT_RETURN_TYPE = YES_ERROR;
				GCC_WARN_UNDECLARED_SELECTOR = YES;
				GCC_WARN_UNINITIALIZED_AUTOS = YES_AGGRESSIVE;
				GCC_WARN_UNUSED_FUNCTION = YES;
				GCC_WARN_UNUSED_VARIABLE = YES;
				IPHONEOS_DEPLOYMENT_TARGET = 9.3;
				MTL_ENABLE_DEBUG_INFO = YES;
				ONLY_ACTIVE_ARCH = YES;
				SDKROOT = iphoneos;
				SWIFT_OPTIMIZATION_LEVEL = "-Onone";
				TARGETED_DEVICE_FAMILY = "1,2";
			};
			name = Debug;
		};
		E3C7398A1D4A910500F51623 /* Release */ = {
			isa = XCBuildConfiguration;
			buildSettings = {
				ALWAYS_SEARCH_USER_PATHS = NO;
				CLANG_ANALYZER_NONNULL = YES;
				CLANG_CXX_LANGUAGE_STANDARD = "gnu++0x";
				CLANG_CXX_LIBRARY = "libc++";
				CLANG_ENABLE_MODULES = YES;
				CLANG_ENABLE_OBJC_ARC = YES;
				CLANG_WARN_BOOL_CONVERSION = YES;
				CLANG_WARN_CONSTANT_CONVERSION = YES;
				CLANG_WARN_DIRECT_OBJC_ISA_USAGE = YES_ERROR;
				CLANG_WARN_EMPTY_BODY = YES;
				CLANG_WARN_ENUM_CONVERSION = YES;
				CLANG_WARN_INT_CONVERSION = YES;
				CLANG_WARN_OBJC_ROOT_CLASS = YES_ERROR;
				CLANG_WARN_UNREACHABLE_CODE = YES;
				CLANG_WARN__DUPLICATE_METHOD_MATCH = YES;
				"CODE_SIGN_IDENTITY[sdk=iphoneos*]" = "iPhone Developer";
				COPY_PHASE_STRIP = NO;
				DEBUG_INFORMATION_FORMAT = "dwarf-with-dsym";
				ENABLE_NS_ASSERTIONS = NO;
				ENABLE_STRICT_OBJC_MSGSEND = YES;
				GCC_C_LANGUAGE_STANDARD = gnu99;
				GCC_NO_COMMON_BLOCKS = YES;
				GCC_WARN_64_TO_32_BIT_CONVERSION = YES;
				GCC_WARN_ABOUT_RETURN_TYPE = YES_ERROR;
				GCC_WARN_UNDECLARED_SELECTOR = YES;
				GCC_WARN_UNINITIALIZED_AUTOS = YES_AGGRESSIVE;
				GCC_WARN_UNUSED_FUNCTION = YES;
				GCC_WARN_UNUSED_VARIABLE = YES;
				IPHONEOS_DEPLOYMENT_TARGET = 9.3;
				MTL_ENABLE_DEBUG_INFO = NO;
				SDKROOT = iphoneos;
				TARGETED_DEVICE_FAMILY = "1,2";
				VALIDATE_PRODUCT = YES;
			};
			name = Release;
		};
		E3C7398C1D4A910500F51623 /* Debug */ = {
			isa = XCBuildConfiguration;
			baseConfigurationReference = 96FED51B22E5711E12C1C00E /* Pods-Weather.debug.xcconfig */;
			buildSettings = {
				ASSETCATALOG_COMPILER_APPICON_NAME = AppIcon;
				CLANG_ENABLE_MODULES = YES;
				CODE_SIGN_IDENTITY = "iPhone Developer";
				"CODE_SIGN_IDENTITY[sdk=iphoneos*]" = "iPhone Developer";
				INFOPLIST_FILE = Weather/Info.plist;
				LD_RUNPATH_SEARCH_PATHS = "$(inherited) @executable_path/Frameworks";
				PRODUCT_BUNDLE_IDENTIFIER = com.guofeng.Jch.Weather;
				PRODUCT_NAME = "$(TARGET_NAME)";
				PROVISIONING_PROFILE = "";
				SWIFT_OBJC_BRIDGING_HEADER = "";
				SWIFT_OPTIMIZATION_LEVEL = "-Onone";
			};
			name = Debug;
		};
		E3C7398D1D4A910500F51623 /* Release */ = {
			isa = XCBuildConfiguration;
			baseConfigurationReference = 6AC8962AF5412D7D6D88CA96 /* Pods-Weather.release.xcconfig */;
			buildSettings = {
				ASSETCATALOG_COMPILER_APPICON_NAME = AppIcon;
				CLANG_ENABLE_MODULES = YES;
				CODE_SIGN_IDENTITY = "iPhone Developer";
				"CODE_SIGN_IDENTITY[sdk=iphoneos*]" = "iPhone Developer";
				INFOPLIST_FILE = Weather/Info.plist;
				LD_RUNPATH_SEARCH_PATHS = "$(inherited) @executable_path/Frameworks";
				PRODUCT_BUNDLE_IDENTIFIER = com.guofeng.Jch.Weather;
				PRODUCT_NAME = "$(TARGET_NAME)";
				PROVISIONING_PROFILE = "";
				SWIFT_OBJC_BRIDGING_HEADER = "";
			};
			name = Release;
		};
		E3C7398F1D4A910500F51623 /* Debug */ = {
			isa = XCBuildConfiguration;
			buildSettings = {
				BUNDLE_LOADER = "$(TEST_HOST)";
				INFOPLIST_FILE = WeatherTests/Info.plist;
				LD_RUNPATH_SEARCH_PATHS = "$(inherited) @executable_path/Frameworks @loader_path/Frameworks";
				PRODUCT_BUNDLE_IDENTIFIER = com.guofeng.Jch.WeatherTests;
				PRODUCT_NAME = "$(TARGET_NAME)";
				TEST_HOST = "$(BUILT_PRODUCTS_DIR)/Weather.app/Weather";
			};
			name = Debug;
		};
		E3C739901D4A910500F51623 /* Release */ = {
			isa = XCBuildConfiguration;
			buildSettings = {
				BUNDLE_LOADER = "$(TEST_HOST)";
				INFOPLIST_FILE = WeatherTests/Info.plist;
				LD_RUNPATH_SEARCH_PATHS = "$(inherited) @executable_path/Frameworks @loader_path/Frameworks";
				PRODUCT_BUNDLE_IDENTIFIER = com.guofeng.Jch.WeatherTests;
				PRODUCT_NAME = "$(TARGET_NAME)";
				TEST_HOST = "$(BUILT_PRODUCTS_DIR)/Weather.app/Weather";
			};
			name = Release;
		};
		E3C739921D4A910500F51623 /* Debug */ = {
			isa = XCBuildConfiguration;
			buildSettings = {
				INFOPLIST_FILE = WeatherUITests/Info.plist;
				LD_RUNPATH_SEARCH_PATHS = "$(inherited) @executable_path/Frameworks @loader_path/Frameworks";
				PRODUCT_BUNDLE_IDENTIFIER = com.guofeng.Jch.WeatherUITests;
				PRODUCT_NAME = "$(TARGET_NAME)";
				TEST_TARGET_NAME = Weather;
			};
			name = Debug;
		};
		E3C739931D4A910500F51623 /* Release */ = {
			isa = XCBuildConfiguration;
			buildSettings = {
				INFOPLIST_FILE = WeatherUITests/Info.plist;
				LD_RUNPATH_SEARCH_PATHS = "$(inherited) @executable_path/Frameworks @loader_path/Frameworks";
				PRODUCT_BUNDLE_IDENTIFIER = com.guofeng.Jch.WeatherUITests;
				PRODUCT_NAME = "$(TARGET_NAME)";
				TEST_TARGET_NAME = Weather;
			};
			name = Release;
		};
/* End XCBuildConfiguration section */

/* Begin XCConfigurationList section */
		E3C7395B1D4A910500F51623 /* Build configuration list for PBXProject "Weather" */ = {
			isa = XCConfigurationList;
			buildConfigurations = (
				E3C739891D4A910500F51623 /* Debug */,
				E3C7398A1D4A910500F51623 /* Release */,
			);
			defaultConfigurationIsVisible = 0;
			defaultConfigurationName = Release;
		};
		E3C7398B1D4A910500F51623 /* Build configuration list for PBXNativeTarget "Weather" */ = {
			isa = XCConfigurationList;
			buildConfigurations = (
				E3C7398C1D4A910500F51623 /* Debug */,
				E3C7398D1D4A910500F51623 /* Release */,
			);
			defaultConfigurationIsVisible = 0;
			defaultConfigurationName = Release;
		};
		E3C7398E1D4A910500F51623 /* Build configuration list for PBXNativeTarget "WeatherTests" */ = {
			isa = XCConfigurationList;
			buildConfigurations = (
				E3C7398F1D4A910500F51623 /* Debug */,
				E3C739901D4A910500F51623 /* Release */,
			);
			defaultConfigurationIsVisible = 0;
			defaultConfigurationName = Release;
		};
		E3C739911D4A910500F51623 /* Build configuration list for PBXNativeTarget "WeatherUITests" */ = {
			isa = XCConfigurationList;
			buildConfigurations = (
				E3C739921D4A910500F51623 /* Debug */,
				E3C739931D4A910500F51623 /* Release */,
			);
			defaultConfigurationIsVisible = 0;
			defaultConfigurationName = Release;
		};
/* End XCConfigurationList section */

/* Begin XCVersionGroup section */
		E3C7396A1D4A910500F51623 /* Weather.xcdatamodeld */ = {
			isa = XCVersionGroup;
			children = (
				E3C7396B1D4A910500F51623 /* Weather.xcdatamodel */,
			);
			currentVersion = E3C7396B1D4A910500F51623 /* Weather.xcdatamodel */;
			path = Weather.xcdatamodeld;
			sourceTree = "<group>";
			versionGroupType = wrapper.xcdatamodel;
		};
/* End XCVersionGroup section */
	};
	rootObject = E3C739581D4A910500F51623 /* Project object */;
}
